
Microsoft Visual Studio Solution File, Format Version 12.00
# Visual Studio 15
VisualStudioVersion = 15.0.28307.168
MinimumVisualStudioVersion = 10.0.40219.1
Project("{FAE04EC0-301F-11D3-BF4B-00C04F79EFBC}") = "DrivingTestsManagerV1.2", "DrivingTestsManagerV1.2\DrivingTestsManagerV1.2.csproj", "{9C00C190-8DAF-4682-9DBA-9030D75A5B61}"
EndProject
Project("{FAE04EC0-301F-11D3-BF4B-00C04F79EFBC}") = "BE", "BE\BE.csproj", "{2C945626-BE15-43AD-B9C3-8FEAAB9916F2}"
EndProject
Project("{FAE04EC0-301F-11D3-BF4B-00C04F79EFBC}") = "BL", "BL\BL.csproj", "{952B457A-DDEC-4749-AF81-D3FFCE458911}"
EndProject
Project("{FAE04EC0-301F-11D3-BF4B-00C04F79EFBC}") = "DAL", "DAL\DAL.csproj", "{5917FB51-5117-4B54-9D35-1023CB8B7B9A}"
EndProject
Project("{FAE04EC0-301F-11D3-BF4B-00C04F79EFBC}") = "DATA", "DATA\DATA.csproj", "{999759FD-DEE8-4C07-BDEF-A173CA7E8008}"
EndProject
Global
	GlobalSection(SolutionConfigurationPlatforms) = preSolution
		Debug|Any CPU = Debug|Any CPU
		Release|Any CPU = Release|Any CPU
	EndGlobalSection
	GlobalSection(ProjectConfigurationPlatforms) = postSolution
		{9C00C190-8DAF-4682-9DBA-9030D75A5B61}.Debug|Any CPU.ActiveCfg = Debug|Any CPU
		{9C00C190-8DAF-4682-9DBA-9030D75A5B61}.Debug|Any CPU.Build.0 = Debug|Any CPU
		{9C00C190-8DAF-4682-9DBA-9030D75A5B61}.Release|Any CPU.ActiveCfg = Release|Any CPU
		{9C00C190-8DAF-4682-9DBA-9030D75A5B61}.Release|Any CPU.Build.0 = Release|Any CPU
		{2C945626-BE15-43AD-B9C3-8FEAAB9916F2}.Debug|Any CPU.ActiveCfg = Debug|Any CPU
		{2C945626-BE15-43AD-B9C3-8FEAAB9916F2}.Debug|Any CPU.Build.0 = Debug|Any CPU
		{2C945626-BE15-43AD-B9C3-8FEAAB9916F2}.Release|Any CPU.ActiveCfg = Release|Any CPU
		{2C945626-BE15-43AD-B9C3-8FEAAB9916F2}.Release|Any CPU.Build.0 = Release|Any CPU
		{952B457A-DDEC-4749-AF81-D3FFCE458911}.Debug|Any CPU.ActiveCfg = Debug|Any CPU
		{952B457A-DDEC-4749-AF81-D3FFCE458911}.Debug|Any CPU.Build.0 = Debug|Any CPU
		{952B457A-DDEC-4749-AF81-D3FFCE458911}.Release|Any CPU.ActiveCfg = Release|Any CPU
		{952B457A-DDEC-4749-AF81-D3FFCE458911}.Release|Any CPU.Build.0 = Release|Any CPU
		{5917FB51-5117-4B54-9D35-1023CB8B7B9A}.Debug|Any CPU.ActiveCfg = Debug|Any CPU
		{5917FB51-5117-4B54-9D35-1023CB8B7B9A}.Debug|Any CPU.Build.0 = Debug|Any CPU
		{5917FB51-5117-4B54-9D35-1023CB8B7B9A}.Release|Any CPU.ActiveCfg = Release|Any CPU
		{5917FB51-5117-4B54-9D35-1023CB8B7B9A}.Release|Any CPU.Build.0 = Release|Any CPU
		{999759FD-DEE8-4C07-BDEF-A173CA7E8008}.Debug|Any CPU.ActiveCfg = Debug|Any CPU
		{999759FD-DEE8-4C07-BDEF-A173CA7E8008}.Debug|Any CPU.Build.0 = Debug|Any CPU
		{999759FD-DEE8-4C07-BDEF-A173CA7E8008}.Release|Any CPU.ActiveCfg = Release|Any CPU
		{999759FD-DEE8-4C07-BDEF-A173CA7E8008}.Release|Any CPU.Build.0 = Release|Any CPU
	EndGlobalSection
	GlobalSection(SolutionProperties) = preSolution
		HideSolutionNode = FALSE
	EndGlobalSection
	GlobalSection(ExtensibilityGlobals) = postSolution
		SolutionGuid = {3A28F7EB-9F18-436C-841D-39075E3DB25C}
	EndGlobalSection
EndGlobal
